
Microsoft Visual Studio Solution File, Format Version 12.00
# Visual Studio Version 16
VisualStudioVersion = 16.0.29215.179
MinimumVisualStudioVersion = 10.0.40219.1
Project("{FAE04EC0-301F-11D3-BF4B-00C04F79EFBC}") = "SimpleCalculator", "SimpleCalculator.csproj", "{22010CC1-BC27-42BE-A576-89CDA281080F}"
EndProject
Global
	GlobalSection(SolutionConfigurationPlatforms) = preSolution
		Debug|Any CPU = Debug|Any CPU
		Release|Any CPU = Release|Any CPU
	EndGlobalSection
	GlobalSection(ProjectConfigurationPlatforms) = postSolution
		{22010CC1-BC27-42BE-A576-89CDA281080F}.Debug|Any CPU.ActiveCfg = Debug|Any CPU
		{22010CC1-BC27-42BE-A576-89CDA281080F}.Debug|Any CPU.Build.0 = Debug|Any CPU
		{22010CC1-BC27-42BE-A576-89CDA281080F}.Release|Any CPU.ActiveCfg = Release|Any CPU
		{22010CC1-BC27-42BE-A576-89CDA281080F}.Release|Any CPU.Build.0 = Release|Any CPU
	EndGlobalSection
	GlobalSection(SolutionProperties) = preSolution
		HideSolutionNode = FALSE
	EndGlobalSection
	GlobalSection(ExtensibilityGlobals) = postSolution
		SolutionGuid = {09275FDC-F5B3-46C5-B404-5B8A4F6CD475}
	EndGlobalSection
EndGlobal
